GEM
  remote: https://rubygems.org/
  specs:
    base64 (0.3.0)
    daemons (1.4.1)
    eventmachine (1.2.7)
    icalendar (2.12.1)
      base64
      ice_cube (~> 0.16)
      logger
      ostruct
    ice_cube (0.17.0)
    json (2.7.6)
    logger (1.7.0)
    mustermann (3.0.4)
      ruby2_keywords (~> 0.0.1)
    nio4r (2.7.5)
    ostruct (0.6.3)
    puma (6.6.1)
      nio4r (~> 2.0)
    rack (2.2.21)
    rack-protection (3.2.0)
      base64 (>= 0.1.0)
      rack (~> 2.2, >= 2.2.4)
    ruby2_keywords (0.0.5)
    rubyzip (2.4.1)
    sinatra (3.2.0)
      mustermann (~> 3.0)
      rack (~> 2.2, >= 2.2.4)
      rack-protection (= 3.2.0)
      tilt (~> 2.0)
    thin (2.0.1)
      daemons (~> 1.0, >= 1.0.9)
      eventmachine (~> 1.0, >= 1.0.4)
      logger
      rack (>= 1, < 4)
    tilt (2.7.0)

PLATFORMS
  ruby

DEPENDENCIES
  icalendar
  json
  puma
  rubyzip
  sinatra
  thin

BUNDLED WITH
   2.1.4
